// !$*UTF8*$!
{
	archiveVersion = 1;
	classes = {
	};
	objectVersion = 56;
	objects = {

/* Begin PBXBuildFile section */
		39103DFF2BDBA72F00A301C8 /* ApiInfo.swift in Sources */ = {isa = PBXBuildFile; fileRef = 39103DFE2BDBA72F00A301C8 /* ApiInfo.swift */; };
		39103E012BDBA76D00A301C8 /* AllCharacters.swift in Sources */ = {isa = PBXBuildFile; fileRef = 39103E002BDBA76D00A301C8 /* AllCharacters.swift */; };
		39103E032BDBA78700A301C8 /* Character.swift in Sources */ = {isa = PBXBuildFile; fileRef = 39103E022BDBA78700A301C8 /* Character.swift */; };
		39103E052BDBA86F00A301C8 /* Endpoint.swift in Sources */ = {isa = PBXBuildFile; fileRef = 39103E042BDBA86F00A301C8 /* Endpoint.swift */; };
		39103E082BDBAF4200A301C8 /* BaseApiClient.swift in Sources */ = {isa = PBXBuildFile; fileRef = 39103E072BDBAF4200A301C8 /* BaseApiClient.swift */; };
		39103E0A2BDBB14400A301C8 /* BaseError.swift in Sources */ = {isa = PBXBuildFile; fileRef = 39103E092BDBB14400A301C8 /* BaseError.swift */; };
		39103E0D2BDC2C3300A301C8 /* NetworkProtocol.swift in Sources */ = {isa = PBXBuildFile; fileRef = 39103E0C2BDC2C3300A301C8 /* NetworkProtocol.swift */; };
		39103E0F2BDC333600A301C8 /* CellRepresentable.swift in Sources */ = {isa = PBXBuildFile; fileRef = 39103E0E2BDC333600A301C8 /* CellRepresentable.swift */; };
		392023D22BDFAC7B00709E47 /* CellRowRepresentable.swift in Sources */ = {isa = PBXBuildFile; fileRef = 392023D12BDFAC7B00709E47 /* CellRowRepresentable.swift */; };
		392023D42BDFB44800709E47 /* SearchBar.swift in Sources */ = {isa = PBXBuildFile; fileRef = 392023D32BDFB44800709E47 /* SearchBar.swift */; };
		394925212BDA88C000030E22 /* RyMUnIverseApp.swift in Sources */ = {isa = PBXBuildFile; fileRef = 394925202BDA88BF00030E22 /* RyMUnIverseApp.swift */; };
		394925252BDA88C100030E22 /* Assets.xcassets in Resources */ = {isa = PBXBuildFile; fileRef = 394925242BDA88C100030E22 /* Assets.xcassets */; };
		394925282BDA88C100030E22 /* Preview Assets.xcassets in Resources */ = {isa = PBXBuildFile; fileRef = 394925272BDA88C100030E22 /* Preview Assets.xcassets */; };
		394925322BDA88C200030E22 /* RyMUnIverseTests.swift in Sources */ = {isa = PBXBuildFile; fileRef = 394925312BDA88C200030E22 /* RyMUnIverseTests.swift */; };
		3949253C2BDA88C200030E22 /* RyMUnIverseUITests.swift in Sources */ = {isa = PBXBuildFile; fileRef = 3949253B2BDA88C200030E22 /* RyMUnIverseUITests.swift */; };
		3949253E2BDA88C200030E22 /* RyMUnIverseUITestsLaunchTests.swift in Sources */ = {isa = PBXBuildFile; fileRef = 3949253D2BDA88C200030E22 /* RyMUnIverseUITestsLaunchTests.swift */; };
		394925502BDA892F00030E22 /* HomeView.swift in Sources */ = {isa = PBXBuildFile; fileRef = 3949254F2BDA892F00030E22 /* HomeView.swift */; };
		394925532BDA896A00030E22 /* HomeViewModel.swift in Sources */ = {isa = PBXBuildFile; fileRef = 394925522BDA896A00030E22 /* HomeViewModel.swift */; };
		394925562BDA898800030E22 /* CharactersApiClient.swift in Sources */ = {isa = PBXBuildFile; fileRef = 394925552BDA898800030E22 /* CharactersApiClient.swift */; };
		394925582BDA899F00030E22 /* CharacterListRepository.swift in Sources */ = {isa = PBXBuildFile; fileRef = 394925572BDA899F00030E22 /* CharacterListRepository.swift */; };
		3949255A2BDA89B500030E22 /* HomeWireframe.swift in Sources */ = {isa = PBXBuildFile; fileRef = 394925592BDA89B500030E22 /* HomeWireframe.swift */; };
		395AE6B72BE4DC0700C52525 /* ViewExtension.swift in Sources */ = {isa = PBXBuildFile; fileRef = 395AE6B62BE4DC0700C52525 /* ViewExtension.swift */; };
		395AE6BA2BE4DC5C00C52525 /* FadeInModifier.swift in Sources */ = {isa = PBXBuildFile; fileRef = 395AE6B92BE4DC5C00C52525 /* FadeInModifier.swift */; };
		396B86C92BE03E1F002B6C9A /* Kingfisher in Frameworks */ = {isa = PBXBuildFile; productRef = 396B86C82BE03E1F002B6C9A /* Kingfisher */; };
		399B62402BE3F76D00B67C94 /* Episode.swift in Sources */ = {isa = PBXBuildFile; fileRef = 399B623F2BE3F76D00B67C94 /* Episode.swift */; };
		39A5C34C2BE4F262007CF4D9 /* get_schwifty.ttf in Resources */ = {isa = PBXBuildFile; fileRef = 39A5C34B2BE4F262007CF4D9 /* get_schwifty.ttf */; };
		39A5C3512BE4F631007CF4D9 /* HeaderTextView.swift in Sources */ = {isa = PBXBuildFile; fileRef = 39A5C3502BE4F631007CF4D9 /* HeaderTextView.swift */; };
		39A5C3522BE4F631007CF4D9 /* HeaderTextView.swift in Sources */ = {isa = PBXBuildFile; fileRef = 39A5C3502BE4F631007CF4D9 /* HeaderTextView.swift */; };
		39A5C3532BE4F631007CF4D9 /* HeaderTextView.swift in Sources */ = {isa = PBXBuildFile; fileRef = 39A5C3502BE4F631007CF4D9 /* HeaderTextView.swift */; };
		39A5C3552BE4F66D007CF4D9 /* CharacterListView.swift in Sources */ = {isa = PBXBuildFile; fileRef = 39A5C3542BE4F66D007CF4D9 /* CharacterListView.swift */; };
		39A5C3562BE4F66D007CF4D9 /* CharacterListView.swift in Sources */ = {isa = PBXBuildFile; fileRef = 39A5C3542BE4F66D007CF4D9 /* CharacterListView.swift */; };
		39A5C3572BE4F66D007CF4D9 /* CharacterListView.swift in Sources */ = {isa = PBXBuildFile; fileRef = 39A5C3542BE4F66D007CF4D9 /* CharacterListView.swift */; };
		39CAB6652BE0C0AB0064B9A7 /* DetailView.swift in Sources */ = {isa = PBXBuildFile; fileRef = 39CAB6642BE0C0AB0064B9A7 /* DetailView.swift */; };
		39CAB6672BE0C0E70064B9A7 /* DetailViewModel.swift in Sources */ = {isa = PBXBuildFile; fileRef = 39CAB6662BE0C0E70064B9A7 /* DetailViewModel.swift */; };
		39CAB6692BE0C1000064B9A7 /* DetailApiClient.swift in Sources */ = {isa = PBXBuildFile; fileRef = 39CAB6682BE0C1000064B9A7 /* DetailApiClient.swift */; };
		39CAB66B2BE0C1120064B9A7 /* DetailWireframe.swift in Sources */ = {isa = PBXBuildFile; fileRef = 39CAB66A2BE0C1120064B9A7 /* DetailWireframe.swift */; };
		39CAB66D2BE0C2450064B9A7 /* DetailDataSource.swift in Sources */ = {isa = PBXBuildFile; fileRef = 39CAB66C2BE0C2450064B9A7 /* DetailDataSource.swift */; };
		39CAB6702BE0F6720064B9A7 /* CharacterUseCase.swift in Sources */ = {isa = PBXBuildFile; fileRef = 39CAB66F2BE0F6720064B9A7 /* CharacterUseCase.swift */; };
		39CAB6722BE0FDC20064B9A7 /* CharactersDataSource.swift in Sources */ = {isa = PBXBuildFile; fileRef = 39CAB6712BE0FDC20064B9A7 /* CharactersDataSource.swift */; };
		39CAB6742BE1428B0064B9A7 /* DetailRepository.swift in Sources */ = {isa = PBXBuildFile; fileRef = 39CAB6732BE1428B0064B9A7 /* DetailRepository.swift */; };
		39CAB6762BE14AD80064B9A7 /* DetailUseCase.swift in Sources */ = {isa = PBXBuildFile; fileRef = 39CAB6752BE14AD80064B9A7 /* DetailUseCase.swift */; };
		39CAB6782BE14F7E0064B9A7 /* SearchUseCase.swift in Sources */ = {isa = PBXBuildFile; fileRef = 39CAB6772BE14F7E0064B9A7 /* SearchUseCase.swift */; };
		39E51A7C2BEBEEA200B186C9 /* LaunchView.swift in Sources */ = {isa = PBXBuildFile; fileRef = 39E51A7B2BEBEEA200B186C9 /* LaunchView.swift */; };
		39E51A7F2BEBF45600B186C9 /* BackArrow.swift in Sources */ = {isa = PBXBuildFile; fileRef = 39E51A7E2BEBF45600B186C9 /* BackArrow.swift */; };
/* End PBXBuildFile section */

/* Begin PBXContainerItemProxy section */
		3949252E2BDA88C200030E22 /* PBXContainerItemProxy */ = {
			isa = PBXContainerItemProxy;
			containerPortal = 394925152BDA88BF00030E22 /* Project object */;
			proxyType = 1;
			remoteGlobalIDString = 3949251C2BDA88BF00030E22;
			remoteInfo = RyMUnIverse;
		};
		394925382BDA88C200030E22 /* PBXContainerItemProxy */ = {
			isa = PBXContainerItemProxy;
			containerPortal = 394925152BDA88BF00030E22 /* Project object */;
			proxyType = 1;
			remoteGlobalIDString = 3949251C2BDA88BF00030E22;
			remoteInfo = RyMUnIverse;
		};
/* End PBXContainerItemProxy section */

/* Begin PBXFileReference section */
		39103DFE2BDBA72F00A301C8 /* ApiInfo.swift */ = {isa = PBXFileReference; lastKnownFileType = sourcecode.swift; path = ApiInfo.swift; sourceTree = "<group>"; };
		39103E002BDBA76D00A301C8 /* AllCharacters.swift */ = {isa = PBXFileReference; lastKnownFileType = sourcecode.swift; path = AllCharacters.swift; sourceTree = "<group>"; };
		39103E022BDBA78700A301C8 /* Character.swift */ = {isa = PBXFileReference; lastKnownFileType = sourcecode.swift; path = Character.swift; sourceTree = "<group>"; };
		39103E042BDBA86F00A301C8 /* Endpoint.swift */ = {isa = PBXFileReference; lastKnownFileType = sourcecode.swift; path = Endpoint.swift; sourceTree = "<group>"; };
		39103E072BDBAF4200A301C8 /* BaseApiClient.swift */ = {isa = PBXFileReference; lastKnownFileType = sourcecode.swift; path = BaseApiClient.swift; sourceTree = "<group>"; };
		39103E092BDBB14400A301C8 /* BaseError.swift */ = {isa = PBXFileReference; lastKnownFileType = sourcecode.swift; path = BaseError.swift; sourceTree = "<group>"; };
		39103E0C2BDC2C3300A301C8 /* NetworkProtocol.swift */ = {isa = PBXFileReference; lastKnownFileType = sourcecode.swift; path = NetworkProtocol.swift; sourceTree = "<group>"; };
		39103E0E2BDC333600A301C8 /* CellRepresentable.swift */ = {isa = PBXFileReference; lastKnownFileType = sourcecode.swift; path = CellRepresentable.swift; sourceTree = "<group>"; };
		392023D12BDFAC7B00709E47 /* CellRowRepresentable.swift */ = {isa = PBXFileReference; lastKnownFileType = sourcecode.swift; path = CellRowRepresentable.swift; sourceTree = "<group>"; };
		392023D32BDFB44800709E47 /* SearchBar.swift */ = {isa = PBXFileReference; lastKnownFileType = sourcecode.swift; path = SearchBar.swift; sourceTree = "<group>"; };
		3949251D2BDA88BF00030E22 /* RyMUnIverse.app */ = {isa = PBXFileReference; explicitFileType = wrapper.application; includeInIndex = 0; path = RyMUnIverse.app; sourceTree = BUILT_PRODUCTS_DIR; };
		394925202BDA88BF00030E22 /* RyMUnIverseApp.swift */ = {isa = PBXFileReference; lastKnownFileType = sourcecode.swift; path = RyMUnIverseApp.swift; sourceTree = "<group>"; };
		394925242BDA88C100030E22 /* Assets.xcassets */ = {isa = PBXFileReference; lastKnownFileType = folder.assetcatalog; path = Assets.xcassets; sourceTree = "<group>"; };
		394925272BDA88C100030E22 /* Preview Assets.xcassets */ = {isa = PBXFileReference; lastKnownFileType = folder.assetcatalog; path = "Preview Assets.xcassets"; sourceTree = "<group>"; };
		3949252D2BDA88C200030E22 /* RyMUnIverseTests.xctest */ = {isa = PBXFileReference; explicitFileType = wrapper.cfbundle; includeInIndex = 0; path = RyMUnIverseTests.xctest; sourceTree = BUILT_PRODUCTS_DIR; };
		394925312BDA88C200030E22 /* RyMUnIverseTests.swift */ = {isa = PBXFileReference; lastKnownFileType = sourcecode.swift; path = RyMUnIverseTests.swift; sourceTree = "<group>"; };
		394925372BDA88C200030E22 /* RyMUnIverseUITests.xctest */ = {isa = PBXFileReference; explicitFileType = wrapper.cfbundle; includeInIndex = 0; path = RyMUnIverseUITests.xctest; sourceTree = BUILT_PRODUCTS_DIR; };
		3949253B2BDA88C200030E22 /* RyMUnIverseUITests.swift */ = {isa = PBXFileReference; lastKnownFileType = sourcecode.swift; path = RyMUnIverseUITests.swift; sourceTree = "<group>"; };
		3949253D2BDA88C200030E22 /* RyMUnIverseUITestsLaunchTests.swift */ = {isa = PBXFileReference; lastKnownFileType = sourcecode.swift; path = RyMUnIverseUITestsLaunchTests.swift; sourceTree = "<group>"; };
		3949254F2BDA892F00030E22 /* HomeView.swift */ = {isa = PBXFileReference; lastKnownFileType = sourcecode.swift; path = HomeView.swift; sourceTree = "<group>"; };
		394925522BDA896A00030E22 /* HomeViewModel.swift */ = {isa = PBXFileReference; lastKnownFileType = sourcecode.swift; path = HomeViewModel.swift; sourceTree = "<group>"; };
		394925552BDA898800030E22 /* CharactersApiClient.swift */ = {isa = PBXFileReference; lastKnownFileType = sourcecode.swift; path = CharactersApiClient.swift; sourceTree = "<group>"; };
		394925572BDA899F00030E22 /* CharacterListRepository.swift */ = {isa = PBXFileReference; lastKnownFileType = sourcecode.swift; path = CharacterListRepository.swift; sourceTree = "<group>"; };
		394925592BDA89B500030E22 /* HomeWireframe.swift */ = {isa = PBXFileReference; lastKnownFileType = sourcecode.swift; path = HomeWireframe.swift; sourceTree = "<group>"; };
		395AE6B62BE4DC0700C52525 /* ViewExtension.swift */ = {isa = PBXFileReference; lastKnownFileType = sourcecode.swift; path = ViewExtension.swift; sourceTree = "<group>"; };
		395AE6B92BE4DC5C00C52525 /* FadeInModifier.swift */ = {isa = PBXFileReference; lastKnownFileType = sourcecode.swift; path = FadeInModifier.swift; sourceTree = "<group>"; };
		399B623F2BE3F76D00B67C94 /* Episode.swift */ = {isa = PBXFileReference; lastKnownFileType = sourcecode.swift; path = Episode.swift; sourceTree = "<group>"; };
		39A5C34A2BE4EFCF007CF4D9 /* Info.plist */ = {isa = PBXFileReference; lastKnownFileType = text.plist; path = Info.plist; sourceTree = "<group>"; };
		39A5C34B2BE4F262007CF4D9 /* get_schwifty.ttf */ = {isa = PBXFileReference; lastKnownFileType = file; path = get_schwifty.ttf; sourceTree = "<group>"; };
		39A5C3502BE4F631007CF4D9 /* HeaderTextView.swift */ = {isa = PBXFileReference; lastKnownFileType = sourcecode.swift; path = HeaderTextView.swift; sourceTree = "<group>"; };
		39A5C3542BE4F66D007CF4D9 /* CharacterListView.swift */ = {isa = PBXFileReference; lastKnownFileType = sourcecode.swift; path = CharacterListView.swift; sourceTree = "<group>"; };
		39CAB6642BE0C0AB0064B9A7 /* DetailView.swift */ = {isa = PBXFileReference; lastKnownFileType = sourcecode.swift; path = DetailView.swift; sourceTree = "<group>"; };
		39CAB6662BE0C0E70064B9A7 /* DetailViewModel.swift */ = {isa = PBXFileReference; lastKnownFileType = sourcecode.swift; path = DetailViewModel.swift; sourceTree = "<group>"; };
		39CAB6682BE0C1000064B9A7 /* DetailApiClient.swift */ = {isa = PBXFileReference; lastKnownFileType = sourcecode.swift; path = DetailApiClient.swift; sourceTree = "<group>"; };
		39CAB66A2BE0C1120064B9A7 /* DetailWireframe.swift */ = {isa = PBXFileReference; lastKnownFileType = sourcecode.swift; path = DetailWireframe.swift; sourceTree = "<group>"; };
		39CAB66C2BE0C2450064B9A7 /* DetailDataSource.swift */ = {isa = PBXFileReference; lastKnownFileType = sourcecode.swift; path = DetailDataSource.swift; sourceTree = "<group>"; };
		39CAB66F2BE0F6720064B9A7 /* CharacterUseCase.swift */ = {isa = PBXFileReference; lastKnownFileType = sourcecode.swift; path = CharacterUseCase.swift; sourceTree = "<group>"; };
		39CAB6712BE0FDC20064B9A7 /* CharactersDataSource.swift */ = {isa = PBXFileReference; lastKnownFileType = sourcecode.swift; path = CharactersDataSource.swift; sourceTree = "<group>"; };
		39CAB6732BE1428B0064B9A7 /* DetailRepository.swift */ = {isa = PBXFileReference; lastKnownFileType = sourcecode.swift; path = DetailRepository.swift; sourceTree = "<group>"; };
		39CAB6752BE14AD80064B9A7 /* DetailUseCase.swift */ = {isa = PBXFileReference; lastKnownFileType = sourcecode.swift; path = DetailUseCase.swift; sourceTree = "<group>"; };
		39CAB6772BE14F7E0064B9A7 /* SearchUseCase.swift */ = {isa = PBXFileReference; lastKnownFileType = sourcecode.swift; path = SearchUseCase.swift; sourceTree = "<group>"; };
		39E51A7B2BEBEEA200B186C9 /* LaunchView.swift */ = {isa = PBXFileReference; lastKnownFileType = sourcecode.swift; path = LaunchView.swift; sourceTree = "<group>"; };
		39E51A7E2BEBF45600B186C9 /* BackArrow.swift */ = {isa = PBXFileReference; lastKnownFileType = sourcecode.swift; path = BackArrow.swift; sourceTree = "<group>"; };
/* End PBXFileReference section */

/* Begin PBXFrameworksBuildPhase section */
		3949251A2BDA88BF00030E22 /* Frameworks */ = {
			isa = PBXFrameworksBuildPhase;
			buildActionMask = 2147483647;
			files = (
				396B86C92BE03E1F002B6C9A /* Kingfisher in Frameworks */,
			);
			runOnlyForDeploymentPostprocessing = 0;
		};
		3949252A2BDA88C200030E22 /* Frameworks */ = {
			isa = PBXFrameworksBuildPhase;
			buildActionMask = 2147483647;
			files = (
			);
			runOnlyForDeploymentPostprocessing = 0;
		};
		394925342BDA88C200030E22 /* Frameworks */ = {
			isa = PBXFrameworksBuildPhase;
			buildActionMask = 2147483647;
			files = (
			);
			runOnlyForDeploymentPostprocessing = 0;
		};
/* End PBXFrameworksBuildPhase section */

/* Begin PBXGroup section */
		39103DFD2BDBA66D00A301C8 /* Models */ = {
			isa = PBXGroup;
			children = (
				39103DFE2BDBA72F00A301C8 /* ApiInfo.swift */,
				39103E002BDBA76D00A301C8 /* AllCharacters.swift */,
				39103E022BDBA78700A301C8 /* Character.swift */,
				399B623F2BE3F76D00B67C94 /* Episode.swift */,
				39103E042BDBA86F00A301C8 /* Endpoint.swift */,
			);
			path = Models;
			sourceTree = "<group>";
		};
		39103E062BDBAF2A00A301C8 /* Bases */ = {
			isa = PBXGroup;
			children = (
				39103E072BDBAF4200A301C8 /* BaseApiClient.swift */,
				39103E092BDBB14400A301C8 /* BaseError.swift */,
			);
			path = Bases;
			sourceTree = "<group>";
		};
		39103E0B2BDC2C1200A301C8 /* Protocols */ = {
			isa = PBXGroup;
			children = (
				39103E0C2BDC2C3300A301C8 /* NetworkProtocol.swift */,
				39103E0E2BDC333600A301C8 /* CellRepresentable.swift */,
			);
			path = Protocols;
			sourceTree = "<group>";
		};
		394925142BDA88BF00030E22 = {
			isa = PBXGroup;
			children = (
				3949251F2BDA88BF00030E22 /* RyMUnIverse */,
				394925302BDA88C200030E22 /* RyMUnIverseTests */,
				3949253A2BDA88C200030E22 /* RyMUnIverseUITests */,
				3949251E2BDA88BF00030E22 /* Products */,
			);
			sourceTree = "<group>";
		};
		3949251E2BDA88BF00030E22 /* Products */ = {
			isa = PBXGroup;
			children = (
				3949251D2BDA88BF00030E22 /* RyMUnIverse.app */,
				3949252D2BDA88C200030E22 /* RyMUnIverseTests.xctest */,
				394925372BDA88C200030E22 /* RyMUnIverseUITests.xctest */,
			);
			name = Products;
			sourceTree = "<group>";
		};
		3949251F2BDA88BF00030E22 /* RyMUnIverse */ = {
			isa = PBXGroup;
			children = (
				39A5C34A2BE4EFCF007CF4D9 /* Info.plist */,
				39CAB66E2BE0F6590064B9A7 /* UseCases */,
				3949254B2BDA88EE00030E22 /* App */,
				3949254D2BDA88FC00030E22 /* Domain */,
				3949254C2BDA88F500030E22 /* Assets */,
				3949254E2BDA890A00030E22 /* UI */,
				394925262BDA88C100030E22 /* Preview Content */,
			);
			path = RyMUnIverse;
			sourceTree = "<group>";
		};
		394925262BDA88C100030E22 /* Preview Content */ = {
			isa = PBXGroup;
			children = (
				394925272BDA88C100030E22 /* Preview Assets.xcassets */,
			);
			path = "Preview Content";
			sourceTree = "<group>";
		};
		394925302BDA88C200030E22 /* RyMUnIverseTests */ = {
			isa = PBXGroup;
			children = (
				394925312BDA88C200030E22 /* RyMUnIverseTests.swift */,
			);
			path = RyMUnIverseTests;
			sourceTree = "<group>";
		};
		3949253A2BDA88C200030E22 /* RyMUnIverseUITests */ = {
			isa = PBXGroup;
			children = (
				3949253B2BDA88C200030E22 /* RyMUnIverseUITests.swift */,
				3949253D2BDA88C200030E22 /* RyMUnIverseUITestsLaunchTests.swift */,
			);
			path = RyMUnIverseUITests;
			sourceTree = "<group>";
		};
		3949254B2BDA88EE00030E22 /* App */ = {
			isa = PBXGroup;
			children = (
				394925202BDA88BF00030E22 /* RyMUnIverseApp.swift */,
			);
			path = App;
			sourceTree = "<group>";
		};
		3949254C2BDA88F500030E22 /* Assets */ = {
			isa = PBXGroup;
			children = (
				39A5C34F2BE4F4F9007CF4D9 /* Fonts */,
				394925242BDA88C100030E22 /* Assets.xcassets */,
			);
			path = Assets;
			sourceTree = "<group>";
		};
		3949254D2BDA88FC00030E22 /* Domain */ = {
			isa = PBXGroup;
			children = (
				395AE6B52BE4DBE300C52525 /* Extension */,
				39103E0B2BDC2C1200A301C8 /* Protocols */,
				39103E062BDBAF2A00A301C8 /* Bases */,
				39103DFD2BDBA66D00A301C8 /* Models */,
			);
			path = Domain;
			sourceTree = "<group>";
		};
		3949254E2BDA890A00030E22 /* UI */ = {
			isa = PBXGroup;
			children = (
				395AE6B82BE4DC3D00C52525 /* Animations */,
				39E51A7A2BEBED9100B186C9 /* LaunchScreen */,
				394925512BDA894900030E22 /* Home */,
				39CAB6632BE0C08E0064B9A7 /* Detail */,
			);
			path = UI;
			sourceTree = "<group>";
		};
		394925512BDA894900030E22 /* Home */ = {
			isa = PBXGroup;
			children = (
				396B86C62BE03C31002B6C9A /* ToolViews */,
				3949254F2BDA892F00030E22 /* HomeView.swift */,
				394925522BDA896A00030E22 /* HomeViewModel.swift */,
				394925572BDA899F00030E22 /* CharacterListRepository.swift */,
				39CAB6712BE0FDC20064B9A7 /* CharactersDataSource.swift */,
				394925552BDA898800030E22 /* CharactersApiClient.swift */,
				394925592BDA89B500030E22 /* HomeWireframe.swift */,
			);
			path = Home;
			sourceTree = "<group>";
		};
		395AE6B52BE4DBE300C52525 /* Extension */ = {
			isa = PBXGroup;
			children = (
				395AE6B62BE4DC0700C52525 /* ViewExtension.swift */,
			);
			path = Extension;
			sourceTree = "<group>";
		};
		395AE6B82BE4DC3D00C52525 /* Animations */ = {
			isa = PBXGroup;
			children = (
				395AE6B92BE4DC5C00C52525 /* FadeInModifier.swift */,
			);
			path = Animations;
			sourceTree = "<group>";
		};
		396B86C62BE03C31002B6C9A /* ToolViews */ = {
			isa = PBXGroup;
			children = (
				392023D32BDFB44800709E47 /* SearchBar.swift */,
				392023D12BDFAC7B00709E47 /* CellRowRepresentable.swift */,
				39A5C3502BE4F631007CF4D9 /* HeaderTextView.swift */,
				39A5C3542BE4F66D007CF4D9 /* CharacterListView.swift */,
			);
			path = ToolViews;
			sourceTree = "<group>";
		};
		39A5C34F2BE4F4F9007CF4D9 /* Fonts */ = {
			isa = PBXGroup;
			children = (
				39A5C34B2BE4F262007CF4D9 /* get_schwifty.ttf */,
			);
			path = Fonts;
			sourceTree = "<group>";
		};
		39CAB6632BE0C08E0064B9A7 /* Detail */ = {
			isa = PBXGroup;
			children = (
				39E51A7D2BEBF44600B186C9 /* ToolView */,
				39CAB6642BE0C0AB0064B9A7 /* DetailView.swift */,
				39CAB6662BE0C0E70064B9A7 /* DetailViewModel.swift */,
				39CAB6732BE1428B0064B9A7 /* DetailRepository.swift */,
				39CAB66C2BE0C2450064B9A7 /* DetailDataSource.swift */,
				39CAB6682BE0C1000064B9A7 /* DetailApiClient.swift */,
				39CAB66A2BE0C1120064B9A7 /* DetailWireframe.swift */,
			);
			path = Detail;
			sourceTree = "<group>";
		};
		39CAB66E2BE0F6590064B9A7 /* UseCases */ = {
			isa = PBXGroup;
			children = (
				39CAB66F2BE0F6720064B9A7 /* CharacterUseCase.swift */,
				39CAB6752BE14AD80064B9A7 /* DetailUseCase.swift */,
				39CAB6772BE14F7E0064B9A7 /* SearchUseCase.swift */,
			);
			path = UseCases;
			sourceTree = "<group>";
		};
		39E51A7A2BEBED9100B186C9 /* LaunchScreen */ = {
			isa = PBXGroup;
			children = (
				39E51A7B2BEBEEA200B186C9 /* LaunchView.swift */,
			);
			path = LaunchScreen;
			sourceTree = "<group>";
		};
		39E51A7D2BEBF44600B186C9 /* ToolView */ = {
			isa = PBXGroup;
			children = (
				39E51A7E2BEBF45600B186C9 /* BackArrow.swift */,
			);
			path = ToolView;
			sourceTree = "<group>";
		};
/* End PBXGroup section */

/* Begin PBXNativeTarget section */
		3949251C2BDA88BF00030E22 /* RyMUnIverse */ = {
			isa = PBXNativeTarget;
			buildConfigurationList = 394925412BDA88C200030E22 /* Build configuration list for PBXNativeTarget "RyMUnIverse" */;
			buildPhases = (
				394925192BDA88BF00030E22 /* Sources */,
				3949251A2BDA88BF00030E22 /* Frameworks */,
				3949251B2BDA88BF00030E22 /* Resources */,
			);
			buildRules = (
			);
			dependencies = (
			);
			name = RyMUnIverse;
			packageProductDependencies = (
				396B86C82BE03E1F002B6C9A /* Kingfisher */,
			);
			productName = RyMUnIverse;
			productReference = 3949251D2BDA88BF00030E22 /* RyMUnIverse.app */;
			productType = "com.apple.product-type.application";
		};
		3949252C2BDA88C200030E22 /* RyMUnIverseTests */ = {
			isa = PBXNativeTarget;
			buildConfigurationList = 394925442BDA88C200030E22 /* Build configuration list for PBXNativeTarget "RyMUnIverseTests" */;
			buildPhases = (
				394925292BDA88C200030E22 /* Sources */,
				3949252A2BDA88C200030E22 /* Frameworks */,
				3949252B2BDA88C200030E22 /* Resources */,
			);
			buildRules = (
			);
			dependencies = (
				3949252F2BDA88C200030E22 /* PBXTargetDependency */,
			);
			name = RyMUnIverseTests;
			productName = RyMUnIverseTests;
			productReference = 3949252D2BDA88C200030E22 /* RyMUnIverseTests.xctest */;
			productType = "com.apple.product-type.bundle.unit-test";
		};
		394925362BDA88C200030E22 /* RyMUnIverseUITests */ = {
			isa = PBXNativeTarget;
			buildConfigurationList = 394925472BDA88C200030E22 /* Build configuration list for PBXNativeTarget "RyMUnIverseUITests" */;
			buildPhases = (
				394925332BDA88C200030E22 /* Sources */,
				394925342BDA88C200030E22 /* Frameworks */,
				394925352BDA88C200030E22 /* Resources */,
			);
			buildRules = (
			);
			dependencies = (
				394925392BDA88C200030E22 /* PBXTargetDependency */,
			);
			name = RyMUnIverseUITests;
			productName = RyMUnIverseUITests;
			productReference = 394925372BDA88C200030E22 /* RyMUnIverseUITests.xctest */;
			productType = "com.apple.product-type.bundle.ui-testing";
		};
/* End PBXNativeTarget section */

/* Begin PBXProject section */
		394925152BDA88BF00030E22 /* Project object */ = {
			isa = PBXProject;
			attributes = {
				BuildIndependentTargetsInParallel = 1;
				LastSwiftUpdateCheck = 1500;
				LastUpgradeCheck = 1500;
				TargetAttributes = {
					3949251C2BDA88BF00030E22 = {
						CreatedOnToolsVersion = 15.0;
					};
					3949252C2BDA88C200030E22 = {
						CreatedOnToolsVersion = 15.0;
						TestTargetID = 3949251C2BDA88BF00030E22;
					};
					394925362BDA88C200030E22 = {
						CreatedOnToolsVersion = 15.0;
						TestTargetID = 3949251C2BDA88BF00030E22;
					};
				};
			};
			buildConfigurationList = 394925182BDA88BF00030E22 /* Build configuration list for PBXProject "RyMUnIverse" */;
			compatibilityVersion = "Xcode 14.0";
			developmentRegion = en;
			hasScannedForEncodings = 0;
			knownRegions = (
				en,
				Base,
			);
			mainGroup = 394925142BDA88BF00030E22;
			packageReferences = (
				396B86C72BE03E1F002B6C9A /* XCRemoteSwiftPackageReference "Kingfisher" */,
			);
			productRefGroup = 3949251E2BDA88BF00030E22 /* Products */;
			projectDirPath = "";
			projectRoot = "";
			targets = (
				3949251C2BDA88BF00030E22 /* RyMUnIverse */,
				3949252C2BDA88C200030E22 /* RyMUnIverseTests */,
				394925362BDA88C200030E22 /* RyMUnIverseUITests */,
			);
		};
/* End PBXProject section */

/* Begin PBXResourcesBuildPhase section */
		3949251B2BDA88BF00030E22 /* Resources */ = {
			isa = PBXResourcesBuildPhase;
			buildActionMask = 2147483647;
			files = (
				39A5C34C2BE4F262007CF4D9 /* get_schwifty.ttf in Resources */,
				394925282BDA88C100030E22 /* Preview Assets.xcassets in Resources */,
				394925252BDA88C100030E22 /* Assets.xcassets in Resources */,
			);
			runOnlyForDeploymentPostprocessing = 0;
		};
		3949252B2BDA88C200030E22 /* Resources */ = {
			isa = PBXResourcesBuildPhase;
			buildActionMask = 2147483647;
			files = (
			);
			runOnlyForDeploymentPostprocessing = 0;
		};
		394925352BDA88C200030E22 /* Resources */ = {
			isa = PBXResourcesBuildPhase;
			buildActionMask = 2147483647;
			files = (
			);
			runOnlyForDeploymentPostprocessing = 0;
		};
/* End PBXResourcesBuildPhase section */

/* Begin PBXSourcesBuildPhase section */
		394925192BDA88BF00030E22 /* Sources */ = {
			isa = PBXSourcesBuildPhase;
			buildActionMask = 2147483647;
			files = (
				394925582BDA899F00030E22 /* CharacterListRepository.swift in Sources */,
				39E51A7C2BEBEEA200B186C9 /* LaunchView.swift in Sources */,
				395AE6BA2BE4DC5C00C52525 /* FadeInModifier.swift in Sources */,
				39CAB66B2BE0C1120064B9A7 /* DetailWireframe.swift in Sources */,
				394925562BDA898800030E22 /* CharactersApiClient.swift in Sources */,
				39CAB6652BE0C0AB0064B9A7 /* DetailView.swift in Sources */,
				39103E082BDBAF4200A301C8 /* BaseApiClient.swift in Sources */,
				394925212BDA88C000030E22 /* RyMUnIverseApp.swift in Sources */,
				394925532BDA896A00030E22 /* HomeViewModel.swift in Sources */,
				39E51A7F2BEBF45600B186C9 /* BackArrow.swift in Sources */,
				392023D42BDFB44800709E47 /* SearchBar.swift in Sources */,
				39A5C3552BE4F66D007CF4D9 /* CharacterListView.swift in Sources */,
				39CAB6762BE14AD80064B9A7 /* DetailUseCase.swift in Sources */,
				39103E052BDBA86F00A301C8 /* Endpoint.swift in Sources */,
				395AE6B72BE4DC0700C52525 /* ViewExtension.swift in Sources */,
				39103E032BDBA78700A301C8 /* Character.swift in Sources */,
				392023D22BDFAC7B00709E47 /* CellRowRepresentable.swift in Sources */,
				39103E0A2BDBB14400A301C8 /* BaseError.swift in Sources */,
				39103DFF2BDBA72F00A301C8 /* ApiInfo.swift in Sources */,
				39CAB66D2BE0C2450064B9A7 /* DetailDataSource.swift in Sources */,
				394925502BDA892F00030E22 /* HomeView.swift in Sources */,
				399B62402BE3F76D00B67C94 /* Episode.swift in Sources */,
				39CAB6702BE0F6720064B9A7 /* CharacterUseCase.swift in Sources */,
				39A5C3512BE4F631007CF4D9 /* HeaderTextView.swift in Sources */,
				39CAB6782BE14F7E0064B9A7 /* SearchUseCase.swift in Sources */,
				39CAB6722BE0FDC20064B9A7 /* CharactersDataSource.swift in Sources */,
				39CAB6742BE1428B0064B9A7 /* DetailRepository.swift in Sources */,
				39CAB6672BE0C0E70064B9A7 /* DetailViewModel.swift in Sources */,
				39103E0D2BDC2C3300A301C8 /* NetworkProtocol.swift in Sources */,
				3949255A2BDA89B500030E22 /* HomeWireframe.swift in Sources */,
				39CAB6692BE0C1000064B9A7 /* DetailApiClient.swift in Sources */,
				39103E0F2BDC333600A301C8 /* CellRepresentable.swift in Sources */,
				39103E012BDBA76D00A301C8 /* AllCharacters.swift in Sources */,
			);
			runOnlyForDeploymentPostprocessing = 0;
		};
		394925292BDA88C200030E22 /* Sources */ = {
			isa = PBXSourcesBuildPhase;
			buildActionMask = 2147483647;
			files = (
				39A5C3562BE4F66D007CF4D9 /* CharacterListView.swift in Sources */,
				39A5C3522BE4F631007CF4D9 /* HeaderTextView.swift in Sources */,
				394925322BDA88C200030E22 /* RyMUnIverseTests.swift in Sources */,
			);
			runOnlyForDeploymentPostprocessing = 0;
		};
		394925332BDA88C200030E22 /* Sources */ = {
			isa = PBXSourcesBuildPhase;
			buildActionMask = 2147483647;
			files = (
				3949253E2BDA88C200030E22 /* RyMUnIverseUITestsLaunchTests.swift in Sources */,
				3949253C2BDA88C200030E22 /* RyMUnIverseUITests.swift in Sources */,
				39A5C3572BE4F66D007CF4D9 /* CharacterListView.swift in Sources */,
				39A5C3532BE4F631007CF4D9 /* HeaderTextView.swift in Sources */,
			);
			runOnlyForDeploymentPostprocessing = 0;
		};
/* End PBXSourcesBuildPhase section */

/* Begin PBXTargetDependency section */
		3949252F2BDA88C200030E22 /* PBXTargetDependency */ = {
			isa = PBXTargetDependency;
			target = 3949251C2BDA88BF00030E22 /* RyMUnIverse */;
			targetProxy = 3949252E2BDA88C200030E22 /* PBXContainerItemProxy */;
		};
		394925392BDA88C200030E22 /* PBXTargetDependency */ = {
			isa = PBXTargetDependency;
			target = 3949251C2BDA88BF00030E22 /* RyMUnIverse */;
			targetProxy = 394925382BDA88C200030E22 /* PBXContainerItemProxy */;
		};
/* End PBXTargetDependency section */

/* Begin XCBuildConfiguration section */
		3949253F2BDA88C200030E22 /* Debug */ = {
			isa = XCBuildConfiguration;
			buildSettings = {
				ALWAYS_SEARCH_USER_PATHS = NO;
				ASSETCATALOG_COMPILER_GENERATE_SWIFT_ASSET_SYMBOL_EXTENSIONS = YES;
				CLANG_ANALYZER_NONNULL = YES;
				CLANG_ANALYZER_NUMBER_OBJECT_CONVERSION = YES_AGGRESSIVE;
				CLANG_CXX_LANGUAGE_STANDARD = "gnu++20";
				CLANG_ENABLE_MODULES = YES;
				CLANG_ENABLE_OBJC_ARC = YES;
				CLANG_ENABLE_OBJC_WEAK = YES;
				CLANG_WARN_BLOCK_CAPTURE_AUTORELEASING = YES;
				CLANG_WARN_BOOL_CONVERSION = YES;
				CLANG_WARN_COMMA = YES;
				CLANG_WARN_CONSTANT_CONVERSION = YES;
				CLANG_WARN_DEPRECATED_OBJC_IMPLEMENTATIONS = YES;
				CLANG_WARN_DIRECT_OBJC_ISA_USAGE = YES_ERROR;
				CLANG_WARN_DOCUMENTATION_COMMENTS = YES;
				CLANG_WARN_EMPTY_BODY = YES;
				CLANG_WARN_ENUM_CONVERSION = YES;
				CLANG_WARN_INFINITE_RECURSION = YES;
				CLANG_WARN_INT_CONVERSION = YES;
				CLANG_WARN_NON_LITERAL_NULL_CONVERSION = YES;
				CLANG_WARN_OBJC_IMPLICIT_RETAIN_SELF = YES;
				CLANG_WARN_OBJC_LITERAL_CONVERSION = YES;
				CLANG_WARN_OBJC_ROOT_CLASS = YES_ERROR;
				CLANG_WARN_QUOTED_INCLUDE_IN_FRAMEWORK_HEADER = YES;
				CLANG_WARN_RANGE_LOOP_ANALYSIS = YES;
				CLANG_WARN_STRICT_PROTOTYPES = YES;
				CLANG_WARN_SUSPICIOUS_MOVE = YES;
				CLANG_WARN_UNGUARDED_AVAILABILITY = YES_AGGRESSIVE;
				CLANG_WARN_UNREACHABLE_CODE = YES;
				CLANG_WARN__DUPLICATE_METHOD_MATCH = YES;
				COPY_PHASE_STRIP = NO;
				DEBUG_INFORMATION_FORMAT = dwarf;
				ENABLE_STRICT_OBJC_MSGSEND = YES;
				ENABLE_TESTABILITY = YES;
				ENABLE_USER_SCRIPT_SANDBOXING = YES;
				GCC_C_LANGUAGE_STANDARD = gnu17;
				GCC_DYNAMIC_NO_PIC = NO;
				GCC_NO_COMMON_BLOCKS = YES;
				GCC_OPTIMIZATION_LEVEL = 0;
				GCC_PREPROCESSOR_DEFINITIONS = (
					"DEBUG=1",
					"$(inherited)",
				);
				GCC_WARN_64_TO_32_BIT_CONVERSION = YES;
				GCC_WARN_ABOUT_RETURN_TYPE = YES_ERROR;
				GCC_WARN_UNDECLARED_SELECTOR = YES;
				GCC_WARN_UNINITIALIZED_AUTOS = YES_AGGRESSIVE;
				GCC_WARN_UNUSED_FUNCTION = YES;
				GCC_WARN_UNUSED_VARIABLE = YES;
				IPHONEOS_DEPLOYMENT_TARGET = 17.0;
				LOCALIZATION_PREFERS_STRING_CATALOGS = YES;
				MTL_ENABLE_DEBUG_INFO = INCLUDE_SOURCE;
				MTL_FAST_MATH = YES;
				ONLY_ACTIVE_ARCH = YES;
				SDKROOT = iphoneos;
				SWIFT_ACTIVE_COMPILATION_CONDITIONS = "DEBUG $(inherited)";
				SWIFT_OPTIMIZATION_LEVEL = "-Onone";
			};
			name = Debug;
		};
		394925402BDA88C200030E22 /* Release */ = {
			isa = XCBuildConfiguration;
			buildSettings = {
				ALWAYS_SEARCH_USER_PATHS = NO;
				ASSETCATALOG_COMPILER_GENERATE_SWIFT_ASSET_SYMBOL_EXTENSIONS = YES;
				CLANG_ANALYZER_NONNULL = YES;
				CLANG_ANALYZER_NUMBER_OBJECT_CONVERSION = YES_AGGRESSIVE;
				CLANG_CXX_LANGUAGE_STANDARD = "gnu++20";
				CLANG_ENABLE_MODULES = YES;
				CLANG_ENABLE_OBJC_ARC = YES;
				CLANG_ENABLE_OBJC_WEAK = YES;
				CLANG_WARN_BLOCK_CAPTURE_AUTORELEASING = YES;
				CLANG_WARN_BOOL_CONVERSION = YES;
				CLANG_WARN_COMMA = YES;
				CLANG_WARN_CONSTANT_CONVERSION = YES;
				CLANG_WARN_DEPRECATED_OBJC_IMPLEMENTATIONS = YES;
				CLANG_WARN_DIRECT_OBJC_ISA_USAGE = YES_ERROR;
				CLANG_WARN_DOCUMENTATION_COMMENTS = YES;
				CLANG_WARN_EMPTY_BODY = YES;
				CLANG_WARN_ENUM_CONVERSION = YES;
				CLANG_WARN_INFINITE_RECURSION = YES;
				CLANG_WARN_INT_CONVERSION = YES;
				CLANG_WARN_NON_LITERAL_NULL_CONVERSION = YES;
				CLANG_WARN_OBJC_IMPLICIT_RETAIN_SELF = YES;
				CLANG_WARN_OBJC_LITERAL_CONVERSION = YES;
				CLANG_WARN_OBJC_ROOT_CLASS = YES_ERROR;
				CLANG_WARN_QUOTED_INCLUDE_IN_FRAMEWORK_HEADER = YES;
				CLANG_WARN_RANGE_LOOP_ANALYSIS = YES;
				CLANG_WARN_STRICT_PROTOTYPES = YES;
				CLANG_WARN_SUSPICIOUS_MOVE = YES;
				CLANG_WARN_UNGUARDED_AVAILABILITY = YES_AGGRESSIVE;
				CLANG_WARN_UNREACHABLE_CODE = YES;
				CLANG_WARN__DUPLICATE_METHOD_MATCH = YES;
				COPY_PHASE_STRIP = NO;
				DEBUG_INFORMATION_FORMAT = "dwarf-with-dsym";
				ENABLE_NS_ASSERTIONS = NO;
				ENABLE_STRICT_OBJC_MSGSEND = YES;
				ENABLE_USER_SCRIPT_SANDBOXING = YES;
				GCC_C_LANGUAGE_STANDARD = gnu17;
				GCC_NO_COMMON_BLOCKS = YES;
				GCC_WARN_64_TO_32_BIT_CONVERSION = YES;
				GCC_WARN_ABOUT_RETURN_TYPE = YES_ERROR;
				GCC_WARN_UNDECLARED_SELECTOR = YES;
				GCC_WARN_UNINITIALIZED_AUTOS = YES_AGGRESSIVE;
				GCC_WARN_UNUSED_FUNCTION = YES;
				GCC_WARN_UNUSED_VARIABLE = YES;
				IPHONEOS_DEPLOYMENT_TARGET = 17.0;
				LOCALIZATION_PREFERS_STRING_CATALOGS = YES;
				MTL_ENABLE_DEBUG_INFO = NO;
				MTL_FAST_MATH = YES;
				SDKROOT = iphoneos;
				SWIFT_COMPILATION_MODE = wholemodule;
				VALIDATE_PRODUCT = YES;
			};
			name = Release;
		};
		394925422BDA88C200030E22 /* Debug */ = {
			isa = XCBuildConfiguration;
			buildSettings = {
				ASSETCATALOG_COMPILER_APPICON_NAME = AppIcon;
				ASSETCATALOG_COMPILER_GLOBAL_ACCENT_COLOR_NAME = AccentColor;
				CODE_SIGN_STYLE = Automatic;
				CURRENT_PROJECT_VERSION = 1;
				DEVELOPMENT_ASSET_PATHS = "\"RyMUnIverse/Preview Content\"";
				ENABLE_PREVIEWS = YES;
				GENERATE_INFOPLIST_FILE = YES;
				INFOPLIST_FILE = RyMUnIverse/Info.plist;
				INFOPLIST_KEY_UIApplicationSceneManifest_Generation = YES;
				INFOPLIST_KEY_UIApplicationSupportsIndirectInputEvents = YES;
				INFOPLIST_KEY_UILaunchScreen_Generation = YES;
				INFOPLIST_KEY_UISupportedInterfaceOrientations_iPad = "UIInterfaceOrientationPortrait UIInterfaceOrientationPortraitUpsideDown UIInterfaceOrientationLandscapeLeft UIInterfaceOrientationLandscapeRight";
				INFOPLIST_KEY_UISupportedInterfaceOrientations_iPhone = "UIInterfaceOrientationPortrait UIInterfaceOrientationLandscapeLeft UIInterfaceOrientationLandscapeRight";
				LD_RUNPATH_SEARCH_PATHS = (
					"$(inherited)",
					"@executable_path/Frameworks",
				);
				MARKETING_VERSION = 1.0;
				PRODUCT_BUNDLE_IDENTIFIER = pabloMarke.RyMUnIverse;
				PRODUCT_NAME = "$(TARGET_NAME)";
				SWIFT_EMIT_LOC_STRINGS = YES;
				SWIFT_VERSION = 5.0;
				TARGETED_DEVICE_FAMILY = "1,2";
			};
			name = Debug;
		};
		394925432BDA88C200030E22 /* Release */ = {
			isa = XCBuildConfiguration;
			buildSettings = {
				ASSETCATALOG_COMPILER_APPICON_NAME = AppIcon;
				ASSETCATALOG_COMPILER_GLOBAL_ACCENT_COLOR_NAME = AccentColor;
				CODE_SIGN_STYLE = Automatic;
				CURRENT_PROJECT_VERSION = 1;
				DEVELOPMENT_ASSET_PATHS = "\"RyMUnIverse/Preview Content\"";
				ENABLE_PREVIEWS = YES;
				GENERATE_INFOPLIST_FILE = YES;
				INFOPLIST_FILE = RyMUnIverse/Info.plist;
				INFOPLIST_KEY_UIApplicationSceneManifest_Generation = YES;
				INFOPLIST_KEY_UIApplicationSupportsIndirectInputEvents = YES;
				INFOPLIST_KEY_UILaunchScreen_Generation = YES;
				INFOPLIST_KEY_UISupportedInterfaceOrientations_iPad = "UIInterfaceOrientationPortrait UIInterfaceOrientationPortraitUpsideDown UIInterfaceOrientationLandscapeLeft UIInterfaceOrientationLandscapeRight";
				INFOPLIST_KEY_UISupportedInterfaceOrientations_iPhone = "UIInterfaceOrientationPortrait UIInterfaceOrientationLandscapeLeft UIInterfaceOrientationLandscapeRight";
				LD_RUNPATH_SEARCH_PATHS = (
					"$(inherited)",
					"@executable_path/Frameworks",
				);
				MARKETING_VERSION = 1.0;
				PRODUCT_BUNDLE_IDENTIFIER = pabloMarke.RyMUnIverse;
				PRODUCT_NAME = "$(TARGET_NAME)";
				SWIFT_EMIT_LOC_STRINGS = YES;
				SWIFT_VERSION = 5.0;
				TARGETED_DEVICE_FAMILY = "1,2";
			};
			name = Release;
		};
		394925452BDA88C200030E22 /* Debug */ = {
			isa = XCBuildConfiguration;
			buildSettings = {
				ALWAYS_EMBED_SWIFT_STANDARD_LIBRARIES = YES;
				BUNDLE_LOADER = "$(TEST_HOST)";
				CODE_SIGN_STYLE = Automatic;
				CURRENT_PROJECT_VERSION = 1;
				GENERATE_INFOPLIST_FILE = YES;
				IPHONEOS_DEPLOYMENT_TARGET = 17.0;
				MARKETING_VERSION = 1.0;
				PRODUCT_BUNDLE_IDENTIFIER = pabloMarke.RyMUnIverseTests;
				PRODUCT_NAME = "$(TARGET_NAME)";
				SWIFT_EMIT_LOC_STRINGS = NO;
				SWIFT_VERSION = 5.0;
				TARGETED_DEVICE_FAMILY = "1,2";
				TEST_HOST = "$(BUILT_PRODUCTS_DIR)/RyMUnIverse.app/$(BUNDLE_EXECUTABLE_FOLDER_PATH)/RyMUnIverse";
			};
			name = Debug;
		};
		394925462BDA88C200030E22 /* Release */ = {
			isa = XCBuildConfiguration;
			buildSettings = {
				ALWAYS_EMBED_SWIFT_STANDARD_LIBRARIES = YES;
				BUNDLE_LOADER = "$(TEST_HOST)";
				CODE_SIGN_STYLE = Automatic;
				CURRENT_PROJECT_VERSION = 1;
				GENERATE_INFOPLIST_FILE = YES;
				IPHONEOS_DEPLOYMENT_TARGET = 17.0;
				MARKETING_VERSION = 1.0;
				PRODUCT_BUNDLE_IDENTIFIER = pabloMarke.RyMUnIverseTests;
				PRODUCT_NAME = "$(TARGET_NAME)";
				SWIFT_EMIT_LOC_STRINGS = NO;
				SWIFT_VERSION = 5.0;
				TARGETED_DEVICE_FAMILY = "1,2";
				TEST_HOST = "$(BUILT_PRODUCTS_DIR)/RyMUnIverse.app/$(BUNDLE_EXECUTABLE_FOLDER_PATH)/RyMUnIverse";
			};
			name = Release;
		};
		394925482BDA88C200030E22 /* Debug */ = {
			isa = XCBuildConfiguration;
			buildSettings = {
				ALWAYS_EMBED_SWIFT_STANDARD_LIBRARIES = YES;
				CODE_SIGN_STYLE = Automatic;
				CURRENT_PROJECT_VERSION = 1;
				GENERATE_INFOPLIST_FILE = YES;
				MARKETING_VERSION = 1.0;
				PRODUCT_BUNDLE_IDENTIFIER = pabloMarke.RyMUnIverseUITests;
				PRODUCT_NAME = "$(TARGET_NAME)";
				SWIFT_EMIT_LOC_STRINGS = NO;
				SWIFT_VERSION = 5.0;
				TARGETED_DEVICE_FAMILY = "1,2";
				TEST_TARGET_NAME = RyMUnIverse;
			};
			name = Debug;
		};
		394925492BDA88C200030E22 /* Release */ = {
			isa = XCBuildConfiguration;
			buildSettings = {
				ALWAYS_EMBED_SWIFT_STANDARD_LIBRARIES = YES;
				CODE_SIGN_STYLE = Automatic;
				CURRENT_PROJECT_VERSION = 1;
				GENERATE_INFOPLIST_FILE = YES;
				MARKETING_VERSION = 1.0;
				PRODUCT_BUNDLE_IDENTIFIER = pabloMarke.RyMUnIverseUITests;
				PRODUCT_NAME = "$(TARGET_NAME)";
				SWIFT_EMIT_LOC_STRINGS = NO;
				SWIFT_VERSION = 5.0;
				TARGETED_DEVICE_FAMILY = "1,2";
				TEST_TARGET_NAME = RyMUnIverse;
			};
			name = Release;
		};
/* End XCBuildConfiguration section */

/* Begin XCConfigurationList section */
		394925182BDA88BF00030E22 /* Build configuration list for PBXProject "RyMUnIverse" */ = {
			isa = XCConfigurationList;
			buildConfigurations = (
				3949253F2BDA88C200030E22 /* Debug */,
				394925402BDA88C200030E22 /* Release */,
			);
			defaultConfigurationIsVisible = 0;
			defaultConfigurationName = Release;
		};
		394925412BDA88C200030E22 /* Build configuration list for PBXNativeTarget "RyMUnIverse" */ = {
			isa = XCConfigurationList;
			buildConfigurations = (
				394925422BDA88C200030E22 /* Debug */,
				394925432BDA88C200030E22 /* Release */,
			);
			defaultConfigurationIsVisible = 0;
			defaultConfigurationName = Release;
		};
		394925442BDA88C200030E22 /* Build configuration list for PBXNativeTarget "RyMUnIverseTests" */ = {
			isa = XCConfigurationList;
			buildConfigurations = (
				394925452BDA88C200030E22 /* Debug */,
				394925462BDA88C200030E22 /* Release */,
			);
			defaultConfigurationIsVisible = 0;
			defaultConfigurationName = Release;
		};
		394925472BDA88C200030E22 /* Build configuration list for PBXNativeTarget "RyMUnIverseUITests" */ = {
			isa = XCConfigurationList;
			buildConfigurations = (
				394925482BDA88C200030E22 /* Debug */,
				394925492BDA88C200030E22 /* Release */,
			);
			defaultConfigurationIsVisible = 0;
			defaultConfigurationName = Release;
		};
/* End XCConfigurationList section */

/* Begin XCRemoteSwiftPackageReference section */
		396B86C72BE03E1F002B6C9A /* XCRemoteSwiftPackageReference "Kingfisher" */ = {
			isa = XCRemoteSwiftPackageReference;
			repositoryURL = "https://github.com/onevcat/Kingfisher.git";
			requirement = {
				kind = upToNextMajorVersion;
				minimumVersion = 7.11.0;
			};
		};
/* End XCRemoteSwiftPackageReference section */

/* Begin XCSwiftPackageProductDependency section */
		396B86C82BE03E1F002B6C9A /* Kingfisher */ = {
			isa = XCSwiftPackageProductDependency;
			package = 396B86C72BE03E1F002B6C9A /* XCRemoteSwiftPackageReference "Kingfisher" */;
			productName = Kingfisher;
		};
/* End XCSwiftPackageProductDependency section */
	};
	rootObject = 394925152BDA88BF00030E22 /* Project object */;
}
